// !$*UTF8*$!
{
	archiveVersion = 1;
	classes = {
	};
	objectVersion = 48;
	objects = {

/* Begin PBXBuildFile section */
		7CB4CD04E672DDAABF72CC36 /* Pods_Happy_Dogs.framework in Frameworks */ = {isa = PBXBuildFile; fileRef = BF484B110B1B514C832E429F /* Pods_Happy_Dogs.framework */; };
		ADAA82DA2026288B0070620E /* AppDelegate.swift in Sources */ = {isa = PBXBuildFile; fileRef = ADAA82D92026288B0070620E /* AppDelegate.swift */; };
		ADAA82DC2026288B0070620E /* ViewController.swift in Sources */ = {isa = PBXBuildFile; fileRef = ADAA82DB2026288B0070620E /* ViewController.swift */; };
		ADAA82DF2026288B0070620E /* Main.storyboard in Resources */ = {isa = PBXBuildFile; fileRef = ADAA82DD2026288B0070620E /* Main.storyboard */; };
		ADAA82E12026288B0070620E /* Assets.xcassets in Resources */ = {isa = PBXBuildFile; fileRef = ADAA82E02026288B0070620E /* Assets.xcassets */; };
		ADAA82E42026288B0070620E /* LaunchScreen.storyboard in Resources */ = {isa = PBXBuildFile; fileRef = ADAA82E22026288B0070620E /* LaunchScreen.storyboard */; };
/* End PBXBuildFile section */

/* Begin PBXFileReference section */
		537277995F4F89A30A298AFC /* Pods-Happy Dogs.release.xcconfig */ = {isa = PBXFileReference; includeInIndex = 1; lastKnownFileType = text.xcconfig; name = "Pods-Happy Dogs.release.xcconfig"; path = "Pods/Target Support Files/Pods-Happy Dogs/Pods-Happy Dogs.release.xcconfig"; sourceTree = "<group>"; };
		9919BB0569C0146D76C2764A /* Pods-Happy Dogs.debug.xcconfig */ = {isa = PBXFileReference; includeInIndex = 1; lastKnownFileType = text.xcconfig; name = "Pods-Happy Dogs.debug.xcconfig"; path = "Pods/Target Support Files/Pods-Happy Dogs/Pods-Happy Dogs.debug.xcconfig"; sourceTree = "<group>"; };
		ADAA82D62026288B0070620E /* Happy Dogs.app */ = {isa = PBXFileReference; explicitFileType = wrapper.application; includeInIndex = 0; path = "Happy Dogs.app"; sourceTree = BUILT_PRODUCTS_DIR; };
		ADAA82D92026288B0070620E /* AppDelegate.swift */ = {isa = PBXFileReference; lastKnownFileType = sourcecode.swift; path = AppDelegate.swift; sourceTree = "<group>"; };
		ADAA82DB2026288B0070620E /* ViewController.swift */ = {isa = PBXFileReference; lastKnownFileType = sourcecode.swift; path = ViewController.swift; sourceTree = "<group>"; };
		ADAA82DE2026288B0070620E /* Base */ = {isa = PBXFileReference; lastKnownFileType = file.storyboard; name = Base; path = Base.lproj/Main.storyboard; sourceTree = "<group>"; };
		ADAA82E02026288B0070620E /* Assets.xcassets */ = {isa = PBXFileReference; lastKnownFileType = folder.assetcatalog; path = Assets.xcassets; sourceTree = "<group>"; };
		ADAA82E32026288B0070620E /* Base */ = {isa = PBXFileReference; lastKnownFileType = file.storyboard; name = Base; path = Base.lproj/LaunchScreen.storyboard; sourceTree = "<group>"; };
		ADAA82E52026288B0070620E /* Info.plist */ = {isa = PBXFileReference; lastKnownFileType = text.plist.xml; path = Info.plist; sourceTree = "<group>"; };
		BF484B110B1B514C832E429F /* Pods_Happy_Dogs.framework */ = {isa = PBXFileReference; explicitFileType = wrapper.framework; includeInIndex = 0; path = Pods_Happy_Dogs.framework; sourceTree = BUILT_PRODUCTS_DIR; };
/* End PBXFileReference section */

/* Begin PBXFrameworksBuildPhase section */
		ADAA82D32026288B0070620E /* Frameworks */ = {
			isa = PBXFrameworksBuildPhase;
			buildActionMask = 2147483647;
			files = (
				7CB4CD04E672DDAABF72CC36 /* Pods_Happy_Dogs.framework in Frameworks */,
			);
			runOnlyForDeploymentPostprocessing = 0;
		};
/* End PBXFrameworksBuildPhase section */

/* Begin PBXGroup section */
		24B87392A523EE1D911686D7 /* Frameworks */ = {
			isa = PBXGroup;
			children = (
				BF484B110B1B514C832E429F /* Pods_Happy_Dogs.framework */,
			);
			name = Frameworks;
			sourceTree = "<group>";
		};
		ADAA82CD2026288B0070620E = {
			isa = PBXGroup;
			children = (
				ADAA82D82026288B0070620E /* Happy Dogs */,
				ADAA82D72026288B0070620E /* Products */,
				BA635178CCA1951C0C6CA279 /* Pods */,
				24B87392A523EE1D911686D7 /* Frameworks */,
			);
			sourceTree = "<group>";
		};
		ADAA82D72026288B0070620E /* Products */ = {
			isa = PBXGroup;
			children = (
				ADAA82D62026288B0070620E /* Happy Dogs.app */,
			);
			name = Products;
			sourceTree = "<group>";
		};
		ADAA82D82026288B0070620E /* Happy Dogs */ = {
			isa = PBXGroup;
			children = (
				ADAA82D92026288B0070620E /* AppDelegate.swift */,
				ADAA82DB2026288B0070620E /* ViewController.swift */,
				ADAA82DD2026288B0070620E /* Main.storyboard */,
				ADAA82E02026288B0070620E /* Assets.xcassets */,
				ADAA82E22026288B0070620E /* LaunchScreen.storyboard */,
				ADAA82E52026288B0070620E /* Info.plist */,
			);
			path = "Happy Dogs";
			sourceTree = "<group>";
		};
		BA635178CCA1951C0C6CA279 /* Pods */ = {
			isa = PBXGroup;
			children = (
				9919BB0569C0146D76C2764A /* Pods-Happy Dogs.debug.xcconfig */,
				537277995F4F89A30A298AFC /* Pods-Happy Dogs.release.xcconfig */,
			);
			name = Pods;
			sourceTree = "<group>";
		};
/* End PBXGroup section */

/* Begin PBXNativeTarget section */
		ADAA82D52026288B0070620E /* Happy Dogs */ = {
			isa = PBXNativeTarget;
			buildConfigurationList = ADAA82E82026288B0070620E /* Build configuration list for PBXNativeTarget "Happy Dogs" */;
			buildPhases = (
				6159C1D74FAE9D8551373C34 /* [CP] Check Pods Manifest.lock */,
				ADAA82D22026288B0070620E /* Sources */,
				ADAA82D32026288B0070620E /* Frameworks */,
				ADAA82D42026288B0070620E /* Resources */,
				D08E80EDAE47249D93452FF4 /* [CP] Embed Pods Frameworks */,
				7B23842DCC9A2C028BE32CBF /* [CP] Copy Pods Resources */,
			);
			buildRules = (
			);
			dependencies = (
			);
			name = "Happy Dogs";
			productName = "Happy Dogs";
			productReference = ADAA82D62026288B0070620E /* Happy Dogs.app */;
			productType = "com.apple.product-type.application";
		};
/* End PBXNativeTarget section */

/* Begin PBXProject section */
		ADAA82CE2026288B0070620E /* Project object */ = {
			isa = PBXProject;
			attributes = {
				LastSwiftUpdateCheck = 0920;
				LastUpgradeCheck = 0920;
				ORGANIZATIONNAME = "John Pospisil";
				TargetAttributes = {
					ADAA82D52026288B0070620E = {
						CreatedOnToolsVersion = 9.2;
						ProvisioningStyle = Automatic;
					};
				};
			};
			buildConfigurationList = ADAA82D12026288B0070620E /* Build configuration list for PBXProject "Happy Dogs" */;
			compatibilityVersion = "Xcode 8.0";
			developmentRegion = en;
			hasScannedForEncodings = 0;
			knownRegions = (
				en,
				Base,
			);
			mainGroup = ADAA82CD2026288B0070620E;
			productRefGroup = ADAA82D72026288B0070620E /* Products */;
			projectDirPath = "";
			projectRoot = "";
			targets = (
				ADAA82D52026288B0070620E /* Happy Dogs */,
			);
		};
/* End PBXProject section */

/* Begin PBXResourcesBuildPhase section */
		ADAA82D42026288B0070620E /* Resources */ = {
			isa = PBXResourcesBuildPhase;
			buildActionMask = 2147483647;
			files = (
				ADAA82E42026288B0070620E /* LaunchScreen.storyboard in Resources */,
				ADAA82E12026288B0070620E /* Assets.xcassets in Resources */,
				ADAA82DF2026288B0070620E /* Main.storyboard in Resources */,
			);
			runOnlyForDeploymentPostprocessing = 0;
		};
/* End PBXResourcesBuildPhase section */

/* Begin PBXShellScriptBuildPhase section */
		6159C1D74FAE9D8551373C34 /* [CP] Check Pods Manifest.lock */ = {
			isa = PBXShellScriptBuildPhase;
			buildActionMask = 2147483647;
			files = (
			);
			inputPaths = (
				"${PODS_PODFILE_DIR_PATH}/Podfile.lock",
				"${PODS_ROOT}/Manifest.lock",
			);
			name = "[CP] Check Pods Manifest.lock";
			outputPaths = (
				"$(DERIVED_FILE_DIR)/Pods-Happy Dogs-checkManifestLockResult.txt",
			);
			runOnlyForDeploymentPostprocessing = 0;
			shellPath = /bin/sh;
			shellScript = "diff \"${PODS_PODFILE_DIR_PATH}/Podfile.lock\" \"${PODS_ROOT}/Manifest.lock\" > /dev/null\nif [ $? != 0 ] ; then\n    # print error to STDERR\n    echo \"error: The sandbox is not in sync with the Podfile.lock. Run 'pod install' or update your CocoaPods installation.\" >&2\n    exit 1\nfi\n# This output is used by Xcode 'outputs' to avoid re-running this script phase.\necho \"SUCCESS\" > \"${SCRIPT_OUTPUT_FILE_0}\"\n";
			showEnvVarsInLog = 0;
		};
		7B23842DCC9A2C028BE32CBF /* [CP] Copy Pods Resources */ = {
			isa = PBXShellScriptBuildPhase;
			buildActionMask = 2147483647;
			files = (
			);
			inputPaths = (
			);
			name = "[CP] Copy Pods Resources";
			outputPaths = (
			);
			runOnlyForDeploymentPostprocessing = 0;
			shellPath = /bin/sh;
			shellScript = "\"${SRCROOT}/Pods/Target Support Files/Pods-Happy Dogs/Pods-Happy Dogs-resources.sh\"\n";
			showEnvVarsInLog = 0;
		};
		D08E80EDAE47249D93452FF4 /* [CP] Embed Pods Frameworks */ = {
			isa = PBXShellScriptBuildPhase;
			buildActionMask = 2147483647;
			files = (
			);
			inputPaths = (
				"${SRCROOT}/Pods/Target Support Files/Pods-Happy Dogs/Pods-Happy Dogs-frameworks.sh",
				"${BUILT_PRODUCTS_DIR}/Alamofire/Alamofire.framework",
				"${BUILT_PRODUCTS_DIR}/AlamofireImage/AlamofireImage.framework",
				"${BUILT_PRODUCTS_DIR}/SwiftyJSON/SwiftyJSON.framework",
			);
			name = "[CP] Embed Pods Frameworks";
			outputPaths = (
				"${TARGET_BUILD_DIR}/${FRAMEWORKS_FOLDER_PATH}/Alamofire.framework",
				"${TARGET_BUILD_DIR}/${FRAMEWORKS_FOLDER_PATH}/AlamofireImage.framework",
				"${TARGET_BUILD_DIR}/${FRAMEWORKS_FOLDER_PATH}/SwiftyJSON.framework",
			);
			runOnlyForDeploymentPostprocessing = 0;
			shellPath = /bin/sh;
			shellScript = "\"${SRCROOT}/Pods/Target Support Files/Pods-Happy Dogs/Pods-Happy Dogs-frameworks.sh\"\n";
			showEnvVarsInLog = 0;
		};
/* End PBXShellScriptBuildPhase section */

/* Begin PBXSourcesBuildPhase section */
		ADAA82D22026288B0070620E /* Sources */ = {
			isa = PBXSourcesBuildPhase;
			buildActionMask = 2147483647;
			files = (
				ADAA82DC2026288B0070620E /* ViewController.swift in Sources */,
				ADAA82DA2026288B0070620E /* AppDelegate.swift in Sources */,
			);
			runOnlyForDeploymentPostprocessing = 0;
		};
/* End PBXSourcesBuildPhase section */

/* Begin PBXVariantGroup section */
		ADAA82DD2026288B0070620E /* Main.storyboard */ = {
			isa = PBXVariantGroup;
			children = (
				ADAA82DE2026288B0070620E /* Base */,
			);
			name = Main.storyboard;
			sourceTree = "<group>";
		};
		ADAA82E22026288B0070620E /* LaunchScreen.storyboard */ = {
			isa = PBXVariantGroup;
			children = (
				ADAA82E32026288B0070620E /* Base */,
			);
			name = LaunchScreen.storyboard;
			sourceTree = "<group>";
		};
/* End PBXVariantGroup section */

/* Begin XCBuildConfiguration section */
		ADAA82E62026288B0070620E /* Debug */ = {
			isa = XCBuildConfiguration;
			buildSettings = {
				ALWAYS_SEARCH_USER_PATHS = NO;
				CLANG_ANALYZER_NONNULL = YES;
				CLANG_ANALYZER_NUMBER_OBJECT_CONVERSION = YES_AGGRESSIVE;
				CLANG_CXX_LANGUAGE_STANDARD = "gnu++14";
				CLANG_CXX_LIBRARY = "libc++";
				CLANG_ENABLE_MODULES = YES;
				CLANG_ENABLE_OBJC_ARC = YES;
				CLANG_WARN_BLOCK_CAPTURE_AUTORELEASING = YES;
				CLANG_WARN_BOOL_CONVERSION = YES;
				CLANG_WARN_COMMA = YES;
				CLANG_WARN_CONSTANT_CONVERSION = YES;
				CLANG_WARN_DIRECT_OBJC_ISA_USAGE = YES_ERROR;
				CLANG_WARN_DOCUMENTATION_COMMENTS = YES;
				CLANG_WARN_EMPTY_BODY = YES;
				CLANG_WARN_ENUM_CONVERSION = YES;
				CLANG_WARN_INFINITE_RECURSION = YES;
				CLANG_WARN_INT_CONVERSION = YES;
				CLANG_WARN_NON_LITERAL_NULL_CONVERSION = YES;
				CLANG_WARN_OBJC_LITERAL_CONVERSION = YES;
				CLANG_WARN_OBJC_ROOT_CLASS = YES_ERROR;
				CLANG_WARN_RANGE_LOOP_ANALYSIS = YES;
				CLANG_WARN_STRICT_PROTOTYPES = YES;
				CLANG_WARN_SUSPICIOUS_MOVE = YES;
				CLANG_WARN_UNGUARDED_AVAILABILITY = YES_AGGRESSIVE;
				CLANG_WARN_UNREACHABLE_CODE = YES;
				CLANG_WARN__DUPLICATE_METHOD_MATCH = YES;
				CODE_SIGN_IDENTITY = "iPhone Developer";
				COPY_PHASE_STRIP = NO;
				DEBUG_INFORMATION_FORMAT = dwarf;
				ENABLE_STRICT_OBJC_MSGSEND = YES;
				ENABLE_TESTABILITY = YES;
				GCC_C_LANGUAGE_STANDARD = gnu11;
				GCC_DYNAMIC_NO_PIC = NO;
				GCC_NO_COMMON_BLOCKS = YES;
				GCC_OPTIMIZATION_LEVEL = 0;
				GCC_PREPROCESSOR_DEFINITIONS = (
					"DEBUG=1",
					"$(inherited)",
				);
				GCC_WARN_64_TO_32_BIT_CONVERSION = YES;
				GCC_WARN_ABOUT_RETURN_TYPE = YES_ERROR;
				GCC_WARN_UNDECLARED_SELECTOR = YES;
				GCC_WARN_UNINITIALIZED_AUTOS = YES_AGGRESSIVE;
				GCC_WARN_UNUSED_FUNCTION = YES;
				GCC_WARN_UNUSED_VARIABLE = YES;
				IPHONEOS_DEPLOYMENT_TARGET = 11.2;
				MTL_ENABLE_DEBUG_INFO = YES;
				ONLY_ACTIVE_ARCH = YES;
				SDKROOT = iphoneos;
				SWIFT_ACTIVE_COMPILATION_CONDITIONS = DEBUG;
				SWIFT_OPTIMIZATION_LEVEL = "-Onone";
			};
			name = Debug;
		};
		ADAA82E72026288B0070620E /* Release */ = {
			isa = XCBuildConfiguration;
			buildSettings = {
				ALWAYS_SEARCH_USER_PATHS = NO;
				CLANG_ANALYZER_NONNULL = YES;
				CLANG_ANALYZER_NUMBER_OBJECT_CONVERSION = YES_AGGRESSIVE;
				CLANG_CXX_LANGUAGE_STANDARD = "gnu++14";
				CLANG_CXX_LIBRARY = "libc++";
				CLANG_ENABLE_MODULES = YES;
				CLANG_ENABLE_OBJC_ARC = YES;
				CLANG_WARN_BLOCK_CAPTURE_AUTORELEASING = YES;
				CLANG_WARN_BOOL_CONVERSION = YES;
				CLANG_WARN_COMMA = YES;
				CLANG_WARN_CONSTANT_CONVERSION = YES;
				CLANG_WARN_DIRECT_OBJC_ISA_USAGE = YES_ERROR;
				CLANG_WARN_DOCUMENTATION_COMMENTS = YES;
				CLANG_WARN_EMPTY_BODY = YES;
				CLANG_WARN_ENUM_CONVERSION = YES;
				CLANG_WARN_INFINITE_RECURSION = YES;
				CLANG_WARN_INT_CONVERSION = YES;
				CLANG_WARN_NON_LITERAL_NULL_CONVERSION = YES;
				CLANG_WARN_OBJC_LITERAL_CONVERSION = YES;
				CLANG_WARN_OBJC_ROOT_CLASS = YES_ERROR;
				CLANG_WARN_RANGE_LOOP_ANALYSIS = YES;
				CLANG_WARN_STRICT_PROTOTYPES = YES;
				CLANG_WARN_SUSPICIOUS_MOVE = YES;
				CLANG_WARN_UNGUARDED_AVAILABILITY = YES_AGGRESSIVE;
				CLANG_WARN_UNREACHABLE_CODE = YES;
				CLANG_WARN__DUPLICATE_METHOD_MATCH = YES;
				CODE_SIGN_IDENTITY = "iPhone Developer";
				COPY_PHASE_STRIP = NO;
				DEBUG_INFORMATION_FORMAT = "dwarf-with-dsym";
				ENABLE_NS_ASSERTIONS = NO;
				ENABLE_STRICT_OBJC_MSGSEND = YES;
				GCC_C_LANGUAGE_STANDARD = gnu11;
				GCC_NO_COMMON_BLOCKS = YES;
				GCC_WARN_64_TO_32_BIT_CONVERSION = YES;
				GCC_WARN_ABOUT_RETURN_TYPE = YES_ERROR;
				GCC_WARN_UNDECLARED_SELECTOR = YES;
				GCC_WARN_UNINITIALIZED_AUTOS = YES_AGGRESSIVE;
				GCC_WARN_UNUSED_FUNCTION = YES;
				GCC_WARN_UNUSED_VARIABLE = YES;
				IPHONEOS_DEPLOYMENT_TARGET = 11.2;
				MTL_ENABLE_DEBUG_INFO = NO;
				SDKROOT = iphoneos;
				SWIFT_OPTIMIZATION_LEVEL = "-Owholemodule";
				VALIDATE_PRODUCT = YES;
			};
			name = Release;
		};
		ADAA82E92026288B0070620E /* Debug */ = {
			isa = XCBuildConfiguration;
			baseConfigurationReference = 9919BB0569C0146D76C2764A /* Pods-Happy Dogs.debug.xcconfig */;
			buildSettings = {
				ASSETCATALOG_COMPILER_APPICON_NAME = AppIcon;
				CODE_SIGN_STYLE = Automatic;
				DEVELOPMENT_TEAM = 84Q2R7NFMX;
				INFOPLIST_FILE = "Happy Dogs/Info.plist";
				LD_RUNPATH_SEARCH_PATHS = "$(inherited) @executable_path/Frameworks";
				PRODUCT_BUNDLE_IDENTIFIER = "com.johnpospisil.Happy-Dogs";
				PRODUCT_NAME = "$(TARGET_NAME)";
				SWIFT_VERSION = 4.0;
				TARGETED_DEVICE_FAMILY = "1,2";
			};
			name = Debug;
		};
		ADAA82EA2026288B0070620E /* Release */ = {
			isa = XCBuildConfiguration;
			baseConfigurationReference = 537277995F4F89A30A298AFC /* Pods-Happy Dogs.release.xcconfig */;
			buildSettings = {
				ASSETCATALOG_COMPILER_APPICON_NAME = AppIcon;
				CODE_SIGN_STYLE = Automatic;
				DEVELOPMENT_TEAM = 84Q2R7NFMX;
				INFOPLIST_FILE = "Happy Dogs/Info.plist";
				LD_RUNPATH_SEARCH_PATHS = "$(inherited) @executable_path/Frameworks";
				PRODUCT_BUNDLE_IDENTIFIER = "com.johnpospisil.Happy-Dogs";
				PRODUCT_NAME = "$(TARGET_NAME)";
				SWIFT_VERSION = 4.0;
				TARGETED_DEVICE_FAMILY = "1,2";
			};
			name = Release;
		};
/* End XCBuildConfiguration section */

/* Begin XCConfigurationList section */
		ADAA82D12026288B0070620E /* Build configuration list for PBXProject "Happy Dogs" */ = {
			isa = XCConfigurationList;
			buildConfigurations = (
				ADAA82E62026288B0070620E /* Debug */,
				ADAA82E72026288B0070620E /* Release */,
			);
			defaultConfigurationIsVisible = 0;
			defaultConfigurationName = Release;
		};
		ADAA82E82026288B0070620E /* Build configuration list for PBXNativeTarget "Happy Dogs" */ = {
			isa = XCConfigurationList;
			buildConfigurations = (
				ADAA82E92026288B0070620E /* Debug */,
				ADAA82EA2026288B0070620E /* Release */,
			);
			defaultConfigurationIsVisible = 0;
			defaultConfigurationName = Release;
		};
/* End XCConfigurationList section */
	};
	rootObject = ADAA82CE2026288B0070620E /* Project object */;
}
